
Microsoft Visual Studio Solution File, Format Version 12.00
# Visual Studio Version 17
VisualStudioVersion = 17.5.002.0
MinimumVisualStudioVersion = 10.0.40219.1
Project("{2150E333-8FDC-42A3-9474-1A3956D46DE8}") = "src", "src", "{10DE700B-6A0B-4B8A-B384-3561A4FB05D2}"
EndProject
Project("{9A19103F-16F7-4668-BE54-9A1E7A4F7556}") = "Aoxe.GCP.Filestore", "src\Aoxe.GCP.Filestore\Aoxe.GCP.Filestore.csproj", "{3526DE25-3B64-4622-813D-B8A38BF1DB69}"
EndProject
Project("{2150E333-8FDC-42A3-9474-1A3956D46DE8}") = "AWS", "AWS", "{EE568F08-2633-47FE-90DD-D010B2E2A762}"
EndProject
Project("{9A19103F-16F7-4668-BE54-9A1E7A4F7556}") = "Aoxe.AWS.ElasticFileSystem", "src\AWS\Aoxe.AWS.ElasticFileSystem\Aoxe.AWS.ElasticFileSystem.csproj", "{8706446F-327D-4880-9308-7D0F9B7E7309}"
EndProject
Project("{9A19103F-16F7-4668-BE54-9A1E7A4F7556}") = "Aoxe.AWS.S3", "src\AWS\Aoxe.AWS.S3\Aoxe.AWS.S3.csproj", "{0CDD2678-C187-489D-BB92-82C4B3C7E113}"
EndProject
Project("{2150E333-8FDC-42A3-9474-1A3956D46DE8}") = "Azure", "Azure", "{434499BF-8B98-403D-B856-C8A63B3D6B39}"
EndProject
Project("{9A19103F-16F7-4668-BE54-9A1E7A4F7556}") = "Aoxe.Azure.Blobs", "src\Azure\Aoxe.Azure.Blobs\Aoxe.Azure.Blobs.csproj", "{0CBEEA96-FCDD-4082-B5D2-A825E653DB52}"
EndProject
Project("{9A19103F-16F7-4668-BE54-9A1E7A4F7556}") = "Aoxe.Azure.Files", "src\Azure\Aoxe.Azure.Files\Aoxe.Azure.Files.csproj", "{B75224D2-80E4-4546-9C78-298279D22112}"
EndProject
Project("{2150E333-8FDC-42A3-9474-1A3956D46DE8}") = "GCP", "GCP", "{6395DFF9-D31F-4D7F-90CD-E6ABE8B9FA9F}"
EndProject
Project("{9A19103F-16F7-4668-BE54-9A1E7A4F7556}") = "Aoxe.GCP.Storage", "src\GCP\Aoxe.GCP.Storage\Aoxe.GCP.Storage.csproj", "{FFC09FC8-2D39-4F3B-84C9-886A2BD72435}"
EndProject
Global
	GlobalSection(SolutionConfigurationPlatforms) = preSolution
		Debug|Any CPU = Debug|Any CPU
		Release|Any CPU = Release|Any CPU
	EndGlobalSection
	GlobalSection(ProjectConfigurationPlatforms) = postSolution
		{3526DE25-3B64-4622-813D-B8A38BF1DB69}.Debug|Any CPU.ActiveCfg = Debug|Any CPU
		{3526DE25-3B64-4622-813D-B8A38BF1DB69}.Debug|Any CPU.Build.0 = Debug|Any CPU
		{3526DE25-3B64-4622-813D-B8A38BF1DB69}.Release|Any CPU.ActiveCfg = Release|Any CPU
		{3526DE25-3B64-4622-813D-B8A38BF1DB69}.Release|Any CPU.Build.0 = Release|Any CPU
		{8706446F-327D-4880-9308-7D0F9B7E7309}.Debug|Any CPU.ActiveCfg = Debug|Any CPU
		{8706446F-327D-4880-9308-7D0F9B7E7309}.Debug|Any CPU.Build.0 = Debug|Any CPU
		{8706446F-327D-4880-9308-7D0F9B7E7309}.Release|Any CPU.ActiveCfg = Release|Any CPU
		{8706446F-327D-4880-9308-7D0F9B7E7309}.Release|Any CPU.Build.0 = Release|Any CPU
		{0CDD2678-C187-489D-BB92-82C4B3C7E113}.Debug|Any CPU.ActiveCfg = Debug|Any CPU
		{0CDD2678-C187-489D-BB92-82C4B3C7E113}.Debug|Any CPU.Build.0 = Debug|Any CPU
		{0CDD2678-C187-489D-BB92-82C4B3C7E113}.Release|Any CPU.ActiveCfg = Release|Any CPU
		{0CDD2678-C187-489D-BB92-82C4B3C7E113}.Release|Any CPU.Build.0 = Release|Any CPU
		{0CBEEA96-FCDD-4082-B5D2-A825E653DB52}.Debug|Any CPU.ActiveCfg = Debug|Any CPU
		{0CBEEA96-FCDD-4082-B5D2-A825E653DB52}.Debug|Any CPU.Build.0 = Debug|Any CPU
		{0CBEEA96-FCDD-4082-B5D2-A825E653DB52}.Release|Any CPU.ActiveCfg = Release|Any CPU
		{0CBEEA96-FCDD-4082-B5D2-A825E653DB52}.Release|Any CPU.Build.0 = Release|Any CPU
		{B75224D2-80E4-4546-9C78-298279D22112}.Debug|Any CPU.ActiveCfg = Debug|Any CPU
		{B75224D2-80E4-4546-9C78-298279D22112}.Debug|Any CPU.Build.0 = Debug|Any CPU
		{B75224D2-80E4-4546-9C78-298279D22112}.Release|Any CPU.ActiveCfg = Release|Any CPU
		{B75224D2-80E4-4546-9C78-298279D22112}.Release|Any CPU.Build.0 = Release|Any CPU
		{FFC09FC8-2D39-4F3B-84C9-886A2BD72435}.Debug|Any CPU.ActiveCfg = Debug|Any CPU
		{FFC09FC8-2D39-4F3B-84C9-886A2BD72435}.Debug|Any CPU.Build.0 = Debug|Any CPU
		{FFC09FC8-2D39-4F3B-84C9-886A2BD72435}.Release|Any CPU.ActiveCfg = Release|Any CPU
		{FFC09FC8-2D39-4F3B-84C9-886A2BD72435}.Release|Any CPU.Build.0 = Release|Any CPU
	EndGlobalSection
	GlobalSection(SolutionProperties) = preSolution
		HideSolutionNode = FALSE
	EndGlobalSection
	GlobalSection(NestedProjects) = preSolution
		{3526DE25-3B64-4622-813D-B8A38BF1DB69} = {10DE700B-6A0B-4B8A-B384-3561A4FB05D2}
		{EE568F08-2633-47FE-90DD-D010B2E2A762} = {10DE700B-6A0B-4B8A-B384-3561A4FB05D2}
		{8706446F-327D-4880-9308-7D0F9B7E7309} = {EE568F08-2633-47FE-90DD-D010B2E2A762}
		{0CDD2678-C187-489D-BB92-82C4B3C7E113} = {EE568F08-2633-47FE-90DD-D010B2E2A762}
		{434499BF-8B98-403D-B856-C8A63B3D6B39} = {10DE700B-6A0B-4B8A-B384-3561A4FB05D2}
		{0CBEEA96-FCDD-4082-B5D2-A825E653DB52} = {434499BF-8B98-403D-B856-C8A63B3D6B39}
		{B75224D2-80E4-4546-9C78-298279D22112} = {434499BF-8B98-403D-B856-C8A63B3D6B39}
		{6395DFF9-D31F-4D7F-90CD-E6ABE8B9FA9F} = {10DE700B-6A0B-4B8A-B384-3561A4FB05D2}
		{FFC09FC8-2D39-4F3B-84C9-886A2BD72435} = {6395DFF9-D31F-4D7F-90CD-E6ABE8B9FA9F}
	EndGlobalSection
	GlobalSection(ExtensibilityGlobals) = postSolution
		SolutionGuid = {8A3D9778-579F-4542-973E-BD14FAEBDADC}
	EndGlobalSection
EndGlobal
